<?xml version="1.0" encoding="utf-8"?>
<Project ToolsVersion="4.0" xmlns="http://schemas.microsoft.com/developer/msbuild/2003">
  <ItemGroup>
    <Filter Include="main">
      <UniqueIdentifier>{4FC737F1-C7A5-4376-A066-2A32D752A2FF}</UniqueIdentifier>
      <Extensions>cpp;c;cc;cxx;c++;def;odl;idl;hpj;bat;asm;asmx</Extensions>
    </Filter>
    <Filter Include="xed">
      <UniqueIdentifier>{93995380-89BD-4b04-88EB-625FBE52EBFB}</UniqueIdentifier>
      <Extensions>h;hh;hpp;hxx;h++;hm;inl;inc;ipp;xsd</Extensions>
    </Filter>
    <Filter Include="stream">
      <UniqueIdentifier>{67DA6AB6-F800-4c08-8B7A-83BB121AAD01}</UniqueIdentifier>
      <Extensions>rc;ico;cur;bmp;dlg;rc2;rct;bin;rgs;gif;jpg;jpeg;jpe;resx;tiff;tif;png;wav;mfcribbon-ms</Extensions>
    </Filter>
    <Filter Include="cfg">
      <UniqueIdentifier>{82360334-35f3-41a5-99bb-ecb0c7bbd722}</UniqueIdentifier>
    </Filter>
    <Filter Include="tmd">
      <UniqueIdentifier>{485e7804-5914-47d9-b9e7-51be9ebade24}</UniqueIdentifier>
    </Filter>
    <Filter Include="triton">
      <UniqueIdentifier>{87e236d6-ec0a-472f-ba02-43b1a7a64e14}</UniqueIdentifier>
    </Filter>
  </ItemGroup>
  <ItemGroup>
    <ClCompile Include="main.cpp">
      <Filter>main</Filter>
    </ClCompile>
    <ClCompile Include="pch.cpp">
      <Filter>main</Filter>
    </ClCompile>
    <ClCompile Include="x86_instruction.cpp">
      <Filter>xed</Filter>
    </ClCompile>
    <ClCompile Include="x86_operand.cpp">
      <Filter>xed</Filter>
    </ClCompile>
    <ClCompile Include="x86_register.cpp">
      <Filter>xed</Filter>
    </ClCompile>
    <ClCompile Include="x86_stream.cpp">
      <Filter>stream</Filter>
    </ClCompile>
    <ClCompile Include="process_stream.cpp">
      <Filter>stream</Filter>
    </ClCompile>
    <ClCompile Include="cfg.cpp">
      <Filter>cfg</Filter>
    </ClCompile>
    <ClCompile Include="repl.cpp">
      <Filter>cfg</Filter>
    </ClCompile>
    <ClCompile Include="tmd.cpp">
      <Filter>tmd</Filter>
    </ClCompile>
    <ClCompile Include="triton.cpp">
      <Filter>triton</Filter>
    </ClCompile>
  </ItemGroup>
  <ItemGroup>
    <ClInclude Include="pch.h">
      <Filter>main</Filter>
    </ClInclude>
    <ClInclude Include="x86_instruction.hpp">
      <Filter>xed</Filter>
    </ClInclude>
    <ClInclude Include="x86_operand.hpp">
      <Filter>xed</Filter>
    </ClInclude>
    <ClInclude Include="x86_register.hpp">
      <Filter>xed</Filter>
    </ClInclude>
    <ClInclude Include="x86_stream.hpp">
      <Filter>stream</Filter>
    </ClInclude>
    <ClInclude Include="process_stream.hpp">
      <Filter>stream</Filter>
    </ClInclude>
    <ClInclude Include="cfg.hpp">
      <Filter>cfg</Filter>
    </ClInclude>
    <ClInclude Include="triton.hpp">
      <Filter>triton</Filter>
    </ClInclude>
  </ItemGroup>
</Project>